<Solution>
  <Folder Name="/Solution Items/">
    <File Path=".editorconfig" />
    <File Path="Dockerfile" />
  </Folder>
  <Project Path="Shifter.API/Shifter.API.csproj" Id="20c697d8-4f3e-4813-9dfa-887a327d62e7" />
  <Project Path="Shifter.Application/Shifter.Application.csproj" Id="542b88aa-f83d-41a8-96e2-8e3c0edb85b7" />
  <Project Path="Shifter.Core/Shifter.Core.csproj" Id="97af773c-4d3f-407d-b614-9c2b716715f4" />
  <Project Path="Shifter.Infrastructure/Shifter.Infrastructure.csproj" Id="a978021d-7462-416a-a483-dac04d97f3a7" />
</Solution>
